<?xml version="1.0" encoding="utf-8"?>
<Project ToolsVersion="4.0" xmlns="http://schemas.microsoft.com/developer/msbuild/2003">
  <ItemGroup>
    <Filter Include="Source Files">
      <UniqueIdentifier>{53a162b4-a6e7-4d30-9d56-935192eaaaa4}</UniqueIdentifier>
      <Extensions>cpp;c;cxx;rc;def;r;odl;idl;hpj;bat</Extensions>
    </Filter>
    <Filter Include="Header Files">
      <UniqueIdentifier>{ed147848-8482-43fc-8d9f-42767b25301b}</UniqueIdentifier>
      <Extensions>h;hpp;hxx;hm;inl</Extensions>
    </Filter>
    <Filter Include="Resource Files">
      <UniqueIdentifier>{018393d0-28a8-42e4-80e8-eb5af2d659d8}</UniqueIdentifier>
      <Extensions>ico;cur;bmp;dlg;rc2;rct;bin;rgs;gif;jpg;jpeg;jpe</Extensions>
    </Filter>
    <Filter Include="External Includes">
      <UniqueIdentifier>{c7cf1fd5-e0f0-4d53-9551-23afa964d85b}</UniqueIdentifier>
    </Filter>
  </ItemGroup>
  <ItemGroup>
    <ClCompile Include="ActiveMng.cpp">
      <Filter>Source Files</Filter>
    </ClCompile>
    <ClCompile Include="BadSyntaxChk.cpp">
      <Filter>Source Files</Filter>
    </ClCompile>
    <ClCompile Include="BaseDAO.cpp">
      <Filter>Source Files</Filter>
    </ClCompile>
    <ClCompile Include="ChildView.cpp">
      <Filter>Source Files</Filter>
    </ClCompile>
    <ClCompile Include="CQuery.cpp">
      <Filter>Source Files</Filter>
    </ClCompile>
    <ClCompile Include="Dataserver.cpp">
      <Filter>Source Files</Filter>
    </ClCompile>
    <ClCompile Include="DelayHandler.cpp">
      <Filter>Source Files</Filter>
    </ClCompile>
    <ClCompile Include="DirPath.cpp">
      <Filter>Source Files</Filter>
    </ClCompile>
    <ClCompile Include="giocp.cpp">
      <Filter>Source Files</Filter>
    </ClCompile>
    <ClCompile Include="LogToFile.cpp">
      <Filter>Source Files</Filter>
    </ClCompile>
    <ClCompile Include="MainFrm.cpp">
      <Filter>Source Files</Filter>
    </ClCompile>
    <ClCompile Include="MiniDump.cpp">
      <Filter>Source Files</Filter>
    </ClCompile>
    <ClCompile Include="MuNameCheck.cpp">
      <Filter>Source Files</Filter>
    </ClCompile>
    <ClCompile Include="wsJoinServer.cpp">
      <Filter>Source Files</Filter>
    </ClCompile>
    <ClCompile Include="WZIPCheck.cpp">
      <Filter>Source Files</Filter>
    </ClCompile>
    <ClCompile Include="WzItemSerial.cpp">
      <Filter>Source Files</Filter>
    </ClCompile>
    <ClCompile Include="WZQueue.cpp">
      <Filter>Source Files</Filter>
    </ClCompile>
    <ClCompile Include="WZScriptEncode.cpp">
      <Filter>Source Files</Filter>
    </ClCompile>
    <ClCompile Include="classdef.cpp">
      <Filter>Source Files</Filter>
    </ClCompile>
    <ClCompile Include="logproc.cpp">
      <Filter>Source Files</Filter>
    </ClCompile>
    <ClCompile Include="MyWinsockBase.cpp">
      <Filter>Source Files</Filter>
    </ClCompile>
    <ClCompile Include="SetItemOption.cpp">
      <Filter>Source Files</Filter>
    </ClCompile>
    <ClCompile Include="winutil.cpp">
      <Filter>Source Files</Filter>
    </ClCompile>
    <ClCompile Include="WzMemScript.cpp">
      <Filter>Source Files</Filter>
    </ClCompile>
    <ClCompile Include="zzzitem.cpp">
      <Filter>Source Files</Filter>
    </ClCompile>
    <ClCompile Include="ServerPrc.cpp">
      <Filter>Source Files</Filter>
    </ClCompile>
    <ClCompile Include="protocol.cpp">
      <Filter>Source Files</Filter>
    </ClCompile>
    <ClCompile Include="MapServerManager_DS.cpp">
      <Filter>Source Files</Filter>
    </ClCompile>
    <ClCompile Include="StdAfx.cpp">
      <Filter>Source Files</Filter>
    </ClCompile>
    <ClCompile Include="AccountCharDBSet.cpp">
      <Filter>Source Files</Filter>
    </ClCompile>
    <ClCompile Include="CastleDBSet.cpp">
      <Filter>Source Files</Filter>
    </ClCompile>
    <ClCompile Include="CharDBSet.cpp">
      <Filter>Source Files</Filter>
    </ClCompile>
    <ClCompile Include="CharPreviewDBSet.cpp">
      <Filter>Source Files</Filter>
    </ClCompile>
    <ClCompile Include="CrywolfDBSet.cpp">
      <Filter>Source Files</Filter>
    </ClCompile>
    <ClCompile Include="DBConBase.cpp">
      <Filter>Source Files</Filter>
    </ClCompile>
    <ClCompile Include="GSDBSet.cpp">
      <Filter>Source Files</Filter>
    </ClCompile>
    <ClCompile Include="ItemExtDbSet.cpp">
      <Filter>Source Files</Filter>
    </ClCompile>
    <ClCompile Include="MasterLevelSystemDBSet.cpp">
      <Filter>Source Files</Filter>
    </ClCompile>
    <ClCompile Include="OptionDbSet.cpp">
      <Filter>Source Files</Filter>
    </ClCompile>
    <ClCompile Include="PeriodItemDBSet.cpp">
      <Filter>Source Files</Filter>
    </ClCompile>
    <ClCompile Include="PetDBSet.cpp">
      <Filter>Source Files</Filter>
    </ClCompile>
    <ClCompile Include="QuestMonKillDBSet.cpp">
      <Filter>Source Files</Filter>
    </ClCompile>
    <ClCompile Include="WarehouseDBSet.cpp">
      <Filter>Source Files</Filter>
    </ClCompile>
    <ClCompile Include="ZenEvenDb.cpp">
      <Filter>Source Files</Filter>
    </ClCompile>
  </ItemGroup>
  <ItemGroup>
    <ClInclude Include="ActiveMng.h">
      <Filter>Header Files</Filter>
    </ClInclude>
    <ClInclude Include="BadSyntaxChk.h">
      <Filter>Header Files</Filter>
    </ClInclude>
    <ClInclude Include="BaseDAO.h">
      <Filter>Header Files</Filter>
    </ClInclude>
    <ClInclude Include="ChildView.h">
      <Filter>Header Files</Filter>
    </ClInclude>
    <ClInclude Include="CQuery.h">
      <Filter>Header Files</Filter>
    </ClInclude>
    <ClInclude Include="Dataserver.h">
      <Filter>Header Files</Filter>
    </ClInclude>
    <ClInclude Include="DelayHandler.h">
      <Filter>Header Files</Filter>
    </ClInclude>
    <ClInclude Include="DirPath.h">
      <Filter>Header Files</Filter>
    </ClInclude>
    <ClInclude Include="giocp.h">
      <Filter>Header Files</Filter>
    </ClInclude>
    <ClInclude Include="LogToFile.h">
      <Filter>Header Files</Filter>
    </ClInclude>
    <ClInclude Include="MainFrm.h">
      <Filter>Header Files</Filter>
    </ClInclude>
    <ClInclude Include="MiniDump.h">
      <Filter>Header Files</Filter>
    </ClInclude>
    <ClInclude Include="MuNameCheck.h">
      <Filter>Header Files</Filter>
    </ClInclude>
    <ClInclude Include="wsJoinServer.h">
      <Filter>Header Files</Filter>
    </ClInclude>
    <ClInclude Include="WZIPCheck.h">
      <Filter>Header Files</Filter>
    </ClInclude>
    <ClInclude Include="WzItemSerial.h">
      <Filter>Header Files</Filter>
    </ClInclude>
    <ClInclude Include="WZQueue.h">
      <Filter>Header Files</Filter>
    </ClInclude>
    <ClInclude Include="WZScriptEncode.h">
      <Filter>Header Files</Filter>
    </ClInclude>
    <ClInclude Include="classdef.h">
      <Filter>Header Files</Filter>
    </ClInclude>
    <ClInclude Include="logproc.h">
      <Filter>Header Files</Filter>
    </ClInclude>
    <ClInclude Include="MyWinsockBase.h">
      <Filter>Header Files</Filter>
    </ClInclude>
    <ClInclude Include="SetItemOption.h">
      <Filter>Header Files</Filter>
    </ClInclude>
    <ClInclude Include="winutil.h">
      <Filter>Header Files</Filter>
    </ClInclude>
    <ClInclude Include="WzMemScript.h">
      <Filter>Header Files</Filter>
    </ClInclude>
    <ClInclude Include="zzzitem.h">
      <Filter>Header Files</Filter>
    </ClInclude>
    <ClInclude Include="ServerPrc.h">
      <Filter>Header Files</Filter>
    </ClInclude>
    <ClInclude Include="protocol.h">
      <Filter>Header Files</Filter>
    </ClInclude>
    <ClInclude Include="MapServerManager_DS.h">
      <Filter>Header Files</Filter>
    </ClInclude>
    <ClInclude Include="StdAfx.h">
      <Filter>Header Files</Filter>
    </ClInclude>
    <ClInclude Include="Sprodef.h">
      <Filter>External Includes</Filter>
    </ClInclude>
    <ClInclude Include="ReadScript.h">
      <Filter>External Includes</Filter>
    </ClInclude>
    <ClInclude Include="public.h">
      <Filter>External Includes</Filter>
    </ClInclude>
    <ClInclude Include="ProDef.h">
      <Filter>External Includes</Filter>
    </ClInclude>
    <ClInclude Include="ItemDef.h">
      <Filter>External Includes</Filter>
    </ClInclude>
    <ClInclude Include="define.h">
      <Filter>External Includes</Filter>
    </ClInclude>
    <ClInclude Include="AccountCharDBSet.h">
      <Filter>Header Files</Filter>
    </ClInclude>
    <ClInclude Include="CastleDBSet.h">
      <Filter>Header Files</Filter>
    </ClInclude>
    <ClInclude Include="CharDBSet.h">
      <Filter>Header Files</Filter>
    </ClInclude>
    <ClInclude Include="CharPreviewDBSet.h">
      <Filter>Header Files</Filter>
    </ClInclude>
    <ClInclude Include="CrywolfDBSet.h">
      <Filter>Header Files</Filter>
    </ClInclude>
    <ClInclude Include="DBConBase.h">
      <Filter>Header Files</Filter>
    </ClInclude>
    <ClInclude Include="GSDBSet.h">
      <Filter>Header Files</Filter>
    </ClInclude>
    <ClInclude Include="ItemExtDbSet.h">
      <Filter>Header Files</Filter>
    </ClInclude>
    <ClInclude Include="MasterLevelSystemDBSet.h">
      <Filter>Header Files</Filter>
    </ClInclude>
    <ClInclude Include="OptionDbSet.h">
      <Filter>Header Files</Filter>
    </ClInclude>
    <ClInclude Include="PeriodItemDBSet.h">
      <Filter>Header Files</Filter>
    </ClInclude>
    <ClInclude Include="PetDBSet.h">
      <Filter>Header Files</Filter>
    </ClInclude>
    <ClInclude Include="QuestMonKillDBSet.h">
      <Filter>Header Files</Filter>
    </ClInclude>
    <ClInclude Include="WarehouseDBSet.h">
      <Filter>Header Files</Filter>
    </ClInclude>
    <ClInclude Include="ZenEvenDb.h">
      <Filter>Header Files</Filter>
    </ClInclude>
  </ItemGroup>
  <ItemGroup>
    <CustomBuild Include="res\Dataserver.ico">
      <Filter>Resource Files</Filter>
    </CustomBuild>
    <CustomBuild Include="res\Dataserver.rc2">
      <Filter>Resource Files</Filter>
    </CustomBuild>
    <CustomBuild Include="res\DataserverDoc.ico">
      <Filter>Resource Files</Filter>
    </CustomBuild>
    <CustomBuild Include="res\Toolbar.bmp">
      <Filter>Resource Files</Filter>
    </CustomBuild>
  </ItemGroup>
  <ItemGroup>
    <ResourceCompile Include="Dataserver.rc">
      <Filter>Resource Files</Filter>
    </ResourceCompile>
  </ItemGroup>
</Project>