<?xml version="1.0" encoding="utf-8"?>
<Project ToolsVersion="4.0" xmlns="http://schemas.microsoft.com/developer/msbuild/2003">
  <ItemGroup>
    <Filter Include="Source Files">
      <UniqueIdentifier>{2036027e-3bd1-4ac0-8c8e-4a7bac2d5994}</UniqueIdentifier>
      <Extensions>cpp;c;cxx;rc;def;r;odl;idl;hpj;bat</Extensions>
    </Filter>
    <Filter Include="Header Files">
      <UniqueIdentifier>{060686bd-f7ed-4d2a-8546-84f5bef87694}</UniqueIdentifier>
      <Extensions>h;hpp;hxx;hm;inl</Extensions>
    </Filter>
    <Filter Include="Resource Files">
      <UniqueIdentifier>{a337585f-6255-4154-b195-a498d86a2a9e}</UniqueIdentifier>
      <Extensions>ico;cur;bmp;dlg;rc2;rct;bin;rgs;gif;jpg;jpeg;jpe</Extensions>
    </Filter>
    <Filter Include="Custom Files">
      <UniqueIdentifier>{4da87c7c-00da-4964-83fc-7e9aaf2aaa22}</UniqueIdentifier>
    </Filter>
    <Filter Include="Custom Files\Configs">
      <UniqueIdentifier>{793a1abd-9290-4790-bc86-d8d14cc7d420}</UniqueIdentifier>
    </Filter>
    <Filter Include="Custom Files\Commands">
      <UniqueIdentifier>{1188e42f-958b-4d53-bd7e-2ec22dbf44e3}</UniqueIdentifier>
    </Filter>
    <Filter Include="Custom Files\NewOptions">
      <UniqueIdentifier>{efd1287e-2a29-4416-8886-4d5f0fb4595a}</UniqueIdentifier>
    </Filter>
    <Filter Include="Custom Files\ResetSystem">
      <UniqueIdentifier>{eca6bc01-00cc-4318-a9a8-a3af1885c650}</UniqueIdentifier>
    </Filter>
    <Filter Include="Custom Files\ResetSystem\Protocol">
      <UniqueIdentifier>{09a39391-9241-4b2f-b803-8fcb2acad5cd}</UniqueIdentifier>
    </Filter>
    <Filter Include="Custom Files\ResetSystem\Manager">
      <UniqueIdentifier>{cd7b555f-9518-437b-b264-cf4233126234}</UniqueIdentifier>
    </Filter>
    <Filter Include="Custom Files\BalanceSystem">
      <UniqueIdentifier>{77b9875c-73da-4379-8a85-cdd43ddccb00}</UniqueIdentifier>
    </Filter>
    <Filter Include="Custom Files\Utilities">
      <UniqueIdentifier>{1b101e72-1f5e-4afe-8123-1fc5c91dec1c}</UniqueIdentifier>
    </Filter>
    <Filter Include="Custom Files\Defines">
      <UniqueIdentifier>{79242772-f2ff-478a-8af2-3afa8fb605b9}</UniqueIdentifier>
    </Filter>
    <Filter Include="Custom Files\Enums">
      <UniqueIdentifier>{b38286e1-6937-4bd3-8f09-c77841b5b4b4}</UniqueIdentifier>
    </Filter>
    <Filter Include="Custom Files\HealthBar">
      <UniqueIdentifier>{05e6b8fd-2dc4-4c1e-9a94-b22884f54ecc}</UniqueIdentifier>
    </Filter>
    <Filter Include="Custom Files\NewsSystem">
      <UniqueIdentifier>{2879a3e1-9733-49fa-9abb-61e1694ec216}</UniqueIdentifier>
    </Filter>
    <Filter Include="Custom Files\SummonBooks">
      <UniqueIdentifier>{9edc60e2-81bc-4a77-8b66-2ad1a1e64dd5}</UniqueIdentifier>
    </Filter>
    <Filter Include="Custom Files\WareHouse">
      <UniqueIdentifier>{abce710c-d2fc-4ab3-a69f-528e1526d45d}</UniqueIdentifier>
    </Filter>
    <Filter Include="Custom Files\WareHouse\Manager">
      <UniqueIdentifier>{b69c2f04-7861-4e7b-87c7-443ad3f8be8a}</UniqueIdentifier>
    </Filter>
    <Filter Include="Custom Files\WareHouse\Protocol">
      <UniqueIdentifier>{a70ff506-ac83-4a91-ba8d-e77723e6da9b}</UniqueIdentifier>
    </Filter>
    <Filter Include="Lib Files">
      <UniqueIdentifier>{51fef736-85c1-4e54-aed6-e68d8c16c5d5}</UniqueIdentifier>
    </Filter>
    <Filter Include="Custom Files\ItemDrop">
      <UniqueIdentifier>{d48d38a7-665b-40cf-8f82-edf94e35daa3}</UniqueIdentifier>
    </Filter>
  </ItemGroup>
  <ItemGroup>
    <ClCompile Include="MonsterHerd.cpp">
      <Filter>Source Files</Filter>
    </ClCompile>
    <ClCompile Include="KalimaGate.cpp">
      <Filter>Source Files</Filter>
    </ClCompile>
    <ClCompile Include="gObjMonster.cpp">
      <Filter>Source Files</Filter>
    </ClCompile>
    <ClCompile Include="MonsterAttr.cpp">
      <Filter>Source Files</Filter>
    </ClCompile>
    <ClCompile Include="MonsterItemMng.cpp">
      <Filter>Source Files</Filter>
    </ClCompile>
    <ClCompile Include="MonsterSetBase.cpp">
      <Filter>Source Files</Filter>
    </ClCompile>
    <ClCompile Include="DbSave.cpp">
      <Filter>Source Files</Filter>
    </ClCompile>
    <ClCompile Include="DBSockMng.cpp">
      <Filter>Source Files</Filter>
    </ClCompile>
    <ClCompile Include="DSProtocol.cpp">
      <Filter>Source Files</Filter>
    </ClCompile>
    <ClCompile Include="SProtocol.cpp">
      <Filter>Source Files</Filter>
    </ClCompile>
    <ClCompile Include="protocol.cpp">
      <Filter>Source Files</Filter>
    </ClCompile>
    <ClCompile Include="EDSProtocol.cpp">
      <Filter>Source Files</Filter>
    </ClCompile>
    <ClCompile Include="MultiAttackHackCheck.cpp">
      <Filter>Source Files</Filter>
    </ClCompile>
    <ClCompile Include="NSerialCheck.cpp">
      <Filter>Source Files</Filter>
    </ClCompile>
    <ClCompile Include="PacketCheckSum.cpp">
      <Filter>Source Files</Filter>
    </ClCompile>
    <ClCompile Include="HackToolPacket.cpp">
      <Filter>Source Files</Filter>
    </ClCompile>
    <ClCompile Include="TDurMagicKeyChecker.cpp">
      <Filter>Source Files</Filter>
    </ClCompile>
    <ClCompile Include="ChinaHackUserKick.cpp">
      <Filter>Source Files</Filter>
    </ClCompile>
    <ClCompile Include="SendHackLog.cpp">
      <Filter>Source Files</Filter>
    </ClCompile>
    <ClCompile Include="DevilSquare.cpp">
      <Filter>Source Files</Filter>
    </ClCompile>
    <ClCompile Include="DevilSquareGround.cpp">
      <Filter>Source Files</Filter>
    </ClCompile>
    <ClCompile Include="BattleGround.cpp">
      <Filter>Source Files</Filter>
    </ClCompile>
    <ClCompile Include="BattleSoccer.cpp">
      <Filter>Source Files</Filter>
    </ClCompile>
    <ClCompile Include="BattleSoccerManager.cpp">
      <Filter>Source Files</Filter>
    </ClCompile>
    <ClCompile Include="DragonEvent.cpp">
      <Filter>Source Files</Filter>
    </ClCompile>
    <ClCompile Include="AttackEvent.cpp">
      <Filter>Source Files</Filter>
    </ClCompile>
    <ClCompile Include="EledoradoEvent.cpp">
      <Filter>Source Files</Filter>
    </ClCompile>
    <ClCompile Include="RingAttackEvent.cpp">
      <Filter>Source Files</Filter>
    </ClCompile>
    <ClCompile Include="WTEventItemList.cpp">
      <Filter>Source Files</Filter>
    </ClCompile>
    <ClCompile Include="CastleDeepEvent.cpp">
      <Filter>Source Files</Filter>
    </ClCompile>
    <ClCompile Include="PCBangPointSystem.cpp">
      <Filter>Source Files</Filter>
    </ClCompile>
    <ClCompile Include="GambleSystem.cpp">
      <Filter>Source Files</Filter>
    </ClCompile>
    <ClCompile Include="XMasAttackEventData.cpp">
      <Filter>Source Files</Filter>
    </ClCompile>
    <ClCompile Include="Event.cpp">
      <Filter>Source Files</Filter>
    </ClCompile>
    <ClCompile Include="EventManagement.cpp">
      <Filter>Source Files</Filter>
    </ClCompile>
    <ClCompile Include="ItemBag.cpp">
      <Filter>Source Files</Filter>
    </ClCompile>
    <ClCompile Include="ItemBagEx.cpp">
      <Filter>Source Files</Filter>
    </ClCompile>
    <ClCompile Include="ProbabilityItemBag.cpp">
      <Filter>Source Files</Filter>
    </ClCompile>
    <ClCompile Include="XMasAttackEvent.cpp">
      <Filter>Source Files</Filter>
    </ClCompile>
    <ClCompile Include="MagicDamage.cpp">
      <Filter>Source Files</Filter>
    </ClCompile>
    <ClCompile Include="MagicInf.cpp">
      <Filter>Source Files</Filter>
    </ClCompile>
    <ClCompile Include="SkillAdditionInfo.cpp">
      <Filter>Source Files</Filter>
    </ClCompile>
    <ClCompile Include="SkillDelay.cpp">
      <Filter>Source Files</Filter>
    </ClCompile>
    <ClCompile Include="SkillHitBox.cpp">
      <Filter>Source Files</Filter>
    </ClCompile>
    <ClCompile Include="QuestInfo.cpp">
      <Filter>Source Files</Filter>
    </ClCompile>
    <ClCompile Include="QuestUtil.cpp">
      <Filter>Source Files</Filter>
    </ClCompile>
    <ClCompile Include="wsGameServer.cpp">
      <Filter>Source Files</Filter>
    </ClCompile>
    <ClCompile Include="WzMultiCastSock.cpp">
      <Filter>Source Files</Filter>
    </ClCompile>
    <ClCompile Include="giocp.cpp">
      <Filter>Source Files</Filter>
    </ClCompile>
    <ClCompile Include="..\common\MyWinsockBase.cpp">
      <Filter>Source Files</Filter>
    </ClCompile>
    <ClCompile Include="wsJoinServerCli.cpp">
      <Filter>Source Files</Filter>
    </ClCompile>
    <ClCompile Include="WzQueue.cpp">
      <Filter>Source Files</Filter>
    </ClCompile>
    <ClCompile Include="WzUdp.cpp">
      <Filter>Source Files</Filter>
    </ClCompile>
    <ClCompile Include="MapClass.cpp">
      <Filter>Source Files</Filter>
    </ClCompile>
    <ClCompile Include="MapItem.cpp">
      <Filter>Source Files</Filter>
    </ClCompile>
    <ClCompile Include="AcceptIp.cpp">
      <Filter>Source Files</Filter>
    </ClCompile>
    <ClCompile Include="CLoginCount.cpp">
      <Filter>Source Files</Filter>
    </ClCompile>
    <ClCompile Include="ClosePlayer.cpp">
      <Filter>Source Files</Filter>
    </ClCompile>
    <ClCompile Include="ConMember.cpp">
      <Filter>Source Files</Filter>
    </ClCompile>
    <ClCompile Include="IpCache.cpp">
      <Filter>Source Files</Filter>
    </ClCompile>
    <ClCompile Include="DirPath.cpp">
      <Filter>Source Files</Filter>
    </ClCompile>
    <ClCompile Include="logproc.cpp">
      <Filter>Source Files</Filter>
    </ClCompile>
    <ClCompile Include="LogToFile.cpp">
      <Filter>Source Files</Filter>
    </ClCompile>
    <ClCompile Include="MoveCheck.cpp">
      <Filter>Source Files</Filter>
    </ClCompile>
    <ClCompile Include="..\common\winutil.cpp">
      <Filter>Source Files</Filter>
    </ClCompile>
    <ClCompile Include="WhisperCash.cpp">
      <Filter>Source Files</Filter>
    </ClCompile>
    <ClCompile Include="zzzmathlib.cpp">
      <Filter>Source Files</Filter>
    </ClCompile>
    <ClCompile Include="..\common\WZScriptEncode.cpp">
      <Filter>Source Files</Filter>
    </ClCompile>
    <ClCompile Include="CWhatsUpDummyServer.cpp">
      <Filter>Source Files</Filter>
    </ClCompile>
    <ClCompile Include="TNotice.cpp">
      <Filter>Source Files</Filter>
    </ClCompile>
    <ClCompile Include="TStatistics.cpp">
      <Filter>Source Files</Filter>
    </ClCompile>
    <ClCompile Include="CallStackTrace.cpp">
      <Filter>Source Files</Filter>
    </ClCompile>
    <ClCompile Include="TServerAlertManager.cpp">
      <Filter>Source Files</Filter>
    </ClCompile>
    <ClCompile Include="TServerInfoDisplayer.cpp">
      <Filter>Source Files</Filter>
    </ClCompile>
    <ClCompile Include="MiniDump.cpp">
      <Filter>Source Files</Filter>
    </ClCompile>
    <ClCompile Include="PartyClass.cpp">
      <Filter>Source Files</Filter>
    </ClCompile>
    <ClCompile Include="GuildClass.cpp">
      <Filter>Source Files</Filter>
    </ClCompile>
    <ClCompile Include="ViewportGuild.cpp">
      <Filter>Source Files</Filter>
    </ClCompile>
    <ClCompile Include="ObjAttack.cpp">
      <Filter>Source Files</Filter>
    </ClCompile>
    <ClCompile Include="ObjBaseAttack.cpp">
      <Filter>Source Files</Filter>
    </ClCompile>
    <ClCompile Include="ObjUseSkill.cpp">
      <Filter>Source Files</Filter>
    </ClCompile>
    <ClCompile Include="..\common\classdef.cpp">
      <Filter>Source Files</Filter>
    </ClCompile>
    <ClCompile Include="StatMng.cpp">
      <Filter>Source Files</Filter>
    </ClCompile>
    <ClCompile Include="ComboAttack.cpp">
      <Filter>Source Files</Filter>
    </ClCompile>
    <ClCompile Include="ObjCalCharacter.cpp">
      <Filter>Source Files</Filter>
    </ClCompile>
    <ClCompile Include="DarkSpirit.cpp">
      <Filter>Source Files</Filter>
    </ClCompile>
    <ClCompile Include="TUnion.cpp">
      <Filter>Source Files</Filter>
    </ClCompile>
    <ClCompile Include="TUnionInfo.cpp">
      <Filter>Source Files</Filter>
    </ClCompile>
    <ClCompile Include="MasterLevelSystem.cpp">
      <Filter>Source Files</Filter>
    </ClCompile>
    <ClCompile Include="MasterSkillSystem.cpp">
      <Filter>Source Files</Filter>
    </ClCompile>
    <ClCompile Include="user.cpp">
      <Filter>Source Files</Filter>
    </ClCompile>
    <ClCompile Include="SocketData.cpp">
      <Filter>Source Files</Filter>
    </ClCompile>
    <ClCompile Include="SocketOption.cpp">
      <Filter>Source Files</Filter>
    </ClCompile>
    <ClCompile Include="SocketSphere.cpp">
      <Filter>Source Files</Filter>
    </ClCompile>
    <ClCompile Include="ItemAddOption.cpp">
      <Filter>Source Files</Filter>
    </ClCompile>
    <ClCompile Include="JewelMixSystem.cpp">
      <Filter>Source Files</Filter>
    </ClCompile>
    <ClCompile Include="..\common\SetItemOption.cpp">
      <Filter>Source Files</Filter>
    </ClCompile>
    <ClCompile Include="..\common\zzzitem.cpp">
      <Filter>Source Files</Filter>
    </ClCompile>
    <ClCompile Include="Shop.cpp">
      <Filter>Source Files</Filter>
    </ClCompile>
    <ClCompile Include="CCastleEventItemList.cpp">
      <Filter>Source Files</Filter>
    </ClCompile>
    <ClCompile Include="GMMng.cpp">
      <Filter>Source Files</Filter>
    </ClCompile>
    <ClCompile Include="MoveCommand.cpp">
      <Filter>Source Files</Filter>
    </ClCompile>
    <ClCompile Include="SetItemMacro.cpp">
      <Filter>Source Files</Filter>
    </ClCompile>
    <ClCompile Include="GameMain.cpp">
      <Filter>Source Files</Filter>
    </ClCompile>
    <ClCompile Include="StdAfx.cpp">
      <Filter>Source Files</Filter>
    </ClCompile>
    <ClCompile Include="GameServer.cpp">
      <Filter>Source Files</Filter>
    </ClCompile>
    <ClCompile Include="Gate.cpp">
      <Filter>Source Files</Filter>
    </ClCompile>
    <ClCompile Include="BloodCastle.cpp">
      <Filter>Source Files</Filter>
    </ClCompile>
    <ClCompile Include="ChaosCastle.cpp">
      <Filter>Source Files</Filter>
    </ClCompile>
    <ClCompile Include="ChaosCastleSetItemDrop.cpp">
      <Filter>Source Files</Filter>
    </ClCompile>
    <ClCompile Include="CannonTower.cpp">
      <Filter>Source Files</Filter>
    </ClCompile>
    <ClCompile Include="CastleCrown.cpp">
      <Filter>Source Files</Filter>
    </ClCompile>
    <ClCompile Include="CastleCrownSwitch.cpp">
      <Filter>Source Files</Filter>
    </ClCompile>
    <ClCompile Include="Guardian.cpp">
      <Filter>Source Files</Filter>
    </ClCompile>
    <ClCompile Include="GuardianStatue.cpp">
      <Filter>Source Files</Filter>
    </ClCompile>
    <ClCompile Include="LifeStone.cpp">
      <Filter>Source Files</Filter>
    </ClCompile>
    <ClCompile Include="Mercenary.cpp">
      <Filter>Source Files</Filter>
    </ClCompile>
    <ClCompile Include="Weapon.cpp">
      <Filter>Source Files</Filter>
    </ClCompile>
    <ClCompile Include="CastleSiege.cpp">
      <Filter>Source Files</Filter>
    </ClCompile>
    <ClCompile Include="CastleSiegeSync.cpp">
      <Filter>Source Files</Filter>
    </ClCompile>
    <ClCompile Include="MapServerManager.cpp">
      <Filter>Source Files</Filter>
    </ClCompile>
    <ClCompile Include="NpcTalk.cpp">
      <Filter>Source Files</Filter>
    </ClCompile>
    <ClCompile Include="TMonsterSkillElement.cpp">
      <Filter>Source Files</Filter>
    </ClCompile>
    <ClCompile Include="TMonsterSkillElementInfo.cpp">
      <Filter>Source Files</Filter>
    </ClCompile>
    <ClCompile Include="TMonsterSkillManager.cpp">
      <Filter>Source Files</Filter>
    </ClCompile>
    <ClCompile Include="TMonsterSkillUnit.cpp">
      <Filter>Source Files</Filter>
    </ClCompile>
    <ClCompile Include="TMonsterAI.cpp">
      <Filter>Source Files</Filter>
    </ClCompile>
    <ClCompile Include="TMonsterAIAgro.cpp">
      <Filter>Source Files</Filter>
    </ClCompile>
    <ClCompile Include="TMonsterAIAutomata.cpp">
      <Filter>Source Files</Filter>
    </ClCompile>
    <ClCompile Include="TMonsterAIElement.cpp">
      <Filter>Source Files</Filter>
    </ClCompile>
    <ClCompile Include="TMonsterAIGroup.cpp">
      <Filter>Source Files</Filter>
    </ClCompile>
    <ClCompile Include="TMonsterAIGroupMember.cpp">
      <Filter>Source Files</Filter>
    </ClCompile>
    <ClCompile Include="TMonsterAIMovePath.cpp">
      <Filter>Source Files</Filter>
    </ClCompile>
    <ClCompile Include="TMonsterAIRule.cpp">
      <Filter>Source Files</Filter>
    </ClCompile>
    <ClCompile Include="TMonsterAIRuleInfo.cpp">
      <Filter>Source Files</Filter>
    </ClCompile>
    <ClCompile Include="TMonsterAIUnit.cpp">
      <Filter>Source Files</Filter>
    </ClCompile>
    <ClCompile Include="TMonsterAIUtil.cpp">
      <Filter>Source Files</Filter>
    </ClCompile>
    <ClCompile Include="CrywolfAltar.cpp">
      <Filter>Source Files</Filter>
    </ClCompile>
    <ClCompile Include="CrywolfStatue.cpp">
      <Filter>Source Files</Filter>
    </ClCompile>
    <ClCompile Include="CrywolfDarkElf.cpp">
      <Filter>Source Files</Filter>
    </ClCompile>
    <ClCompile Include="CrywolfMonster.cpp">
      <Filter>Source Files</Filter>
    </ClCompile>
    <ClCompile Include="CrywolfTanker.cpp">
      <Filter>Source Files</Filter>
    </ClCompile>
    <ClCompile Include="Crywolf.cpp">
      <Filter>Source Files</Filter>
    </ClCompile>
    <ClCompile Include="CrywolfStateTimeInfo.cpp">
      <Filter>Source Files</Filter>
    </ClCompile>
    <ClCompile Include="CrywolfSync.cpp">
      <Filter>Source Files</Filter>
    </ClCompile>
    <ClCompile Include="CrywolfUtil.cpp">
      <Filter>Source Files</Filter>
    </ClCompile>
    <ClCompile Include="ItemSystemFor380.cpp">
      <Filter>Source Files</Filter>
    </ClCompile>
    <ClCompile Include="JewelOfHarmonySystem.cpp">
      <Filter>Source Files</Filter>
    </ClCompile>
    <ClCompile Include="TRandomPoolMgr.cpp">
      <Filter>Source Files</Filter>
    </ClCompile>
    <ClCompile Include="KanturuMaya.cpp">
      <Filter>Source Files</Filter>
    </ClCompile>
    <ClCompile Include="KanturuMonsterMng.cpp">
      <Filter>Source Files</Filter>
    </ClCompile>
    <ClCompile Include="KanturuNightmare.cpp">
      <Filter>Source Files</Filter>
    </ClCompile>
    <ClCompile Include="KanturuBattleOfMaya.cpp">
      <Filter>Source Files</Filter>
    </ClCompile>
    <ClCompile Include="KanturuBattleOfNightmare.cpp">
      <Filter>Source Files</Filter>
    </ClCompile>
    <ClCompile Include="KanturuBattleStanby.cpp">
      <Filter>Source Files</Filter>
    </ClCompile>
    <ClCompile Include="KanturuTowerOfRefinement.cpp">
      <Filter>Source Files</Filter>
    </ClCompile>
    <ClCompile Include="KanturuBattleUserMng.cpp">
      <Filter>Source Files</Filter>
    </ClCompile>
    <ClCompile Include="KanturuEntranceNPC.cpp">
      <Filter>Source Files</Filter>
    </ClCompile>
    <ClCompile Include="Kanturu.cpp">
      <Filter>Source Files</Filter>
    </ClCompile>
    <ClCompile Include="KanturuStateInfo.cpp">
      <Filter>Source Files</Filter>
    </ClCompile>
    <ClCompile Include="KanturuUtil.cpp">
      <Filter>Source Files</Filter>
    </ClCompile>
    <ClCompile Include="IllusionTempleEvent.cpp">
      <Filter>Source Files</Filter>
    </ClCompile>
    <ClCompile Include="IllusionTempleProcess.cpp">
      <Filter>Source Files</Filter>
    </ClCompile>
    <ClCompile Include="MixSystem.cpp">
      <Filter>Source Files</Filter>
    </ClCompile>
    <ClCompile Include="CashShop.cpp">
      <Filter>Source Files</Filter>
    </ClCompile>
    <ClCompile Include="wsShopServerCli.cpp">
      <Filter>Source Files</Filter>
    </ClCompile>
    <ClCompile Include="CashItemPeriodSystem.cpp">
      <Filter>Source Files</Filter>
    </ClCompile>
    <ClCompile Include="CashLotterySystem.cpp">
      <Filter>Source Files</Filter>
    </ClCompile>
    <ClCompile Include="ViewportSkillState.cpp">
      <Filter>Source Files</Filter>
    </ClCompile>
    <ClCompile Include="BuffManager.cpp">
      <Filter>Source Files</Filter>
    </ClCompile>
    <ClCompile Include="BuffEffect.cpp">
      <Filter>Source Files</Filter>
    </ClCompile>
    <ClCompile Include="RaklionSelupan.cpp">
      <Filter>Source Files</Filter>
    </ClCompile>
    <ClCompile Include="RaklionBattleOfSelupan.cpp">
      <Filter>Source Files</Filter>
    </ClCompile>
    <ClCompile Include="RaklionBattleUserMng.cpp">
      <Filter>Source Files</Filter>
    </ClCompile>
    <ClCompile Include="Raklion.cpp">
      <Filter>Source Files</Filter>
    </ClCompile>
    <ClCompile Include="RaklionUtil.cpp">
      <Filter>Source Files</Filter>
    </ClCompile>
    <ClCompile Include="ChaosCard.cpp">
      <Filter>Source Files</Filter>
    </ClCompile>
    <ClCompile Include="GameEvent.cpp">
      <Filter>Source Files</Filter>
    </ClCompile>
    <ClCompile Include="GameServerAuth.cpp">
      <Filter>Source Files</Filter>
    </ClCompile>
    <ClCompile Include="LargeRand.cpp">
      <Filter>Source Files</Filter>
    </ClCompile>
    <ClCompile Include="MultiCheckSum.cpp">
      <Filter>Source Files</Filter>
    </ClCompile>
    <ClCompile Include="..\common\TSync.cpp">
      <Filter>Source Files</Filter>
    </ClCompile>
    <ClCompile Include="..\common\WzMemScript.cpp">
      <Filter>Source Files</Filter>
    </ClCompile>
    <ClCompile Include="Configs.cpp">
      <Filter>Custom Files\Configs</Filter>
    </ClCompile>
    <ClCompile Include="Commands.cpp">
      <Filter>Custom Files\Commands</Filter>
    </ClCompile>
    <ClCompile Include="NewOptions.cpp">
      <Filter>Custom Files\NewOptions</Filter>
    </ClCompile>
    <ClCompile Include="WarehouseManager.cpp">
      <Filter>Custom Files\WareHouse\Manager</Filter>
    </ClCompile>
    <ClCompile Include="ResetSystem.cpp">
      <Filter>Custom Files\ResetSystem\Manager</Filter>
    </ClCompile>
    <ClCompile Include="BalanceSystem.cpp">
      <Filter>Custom Files\BalanceSystem</Filter>
    </ClCompile>
    <ClCompile Include="Utilities.cpp">
      <Filter>Custom Files\Utilities</Filter>
    </ClCompile>
    <ClCompile Include="HealthBar.cpp">
      <Filter>Custom Files\HealthBar</Filter>
    </ClCompile>
    <ClCompile Include="NewsSystem.cpp">
      <Filter>Custom Files\NewsSystem</Filter>
    </ClCompile>
    <ClCompile Include="SummonBooks.cpp">
      <Filter>Custom Files\SummonBooks</Filter>
    </ClCompile>
    <ClCompile Include="ItemDrop.cpp">
      <Filter>Custom Files\ItemDrop</Filter>
    </ClCompile>
    <ClCompile Include="NewPVP.cpp">
      <Filter>Source Files</Filter>
    </ClCompile>
  </ItemGroup>
  <ItemGroup>
    <Library Include="..\GGSvr\Release\GGSvr.lib">
      <Filter>Lib Files</Filter>
    </Library>
    <Library Include="SimpleModulus.lib">
      <Filter>Lib Files</Filter>
    </Library>
  </ItemGroup>
  <ItemGroup>
    <ClInclude Include="AcceptIp.h">
      <Filter>Header Files</Filter>
    </ClInclude>
    <ClInclude Include="AttackEvent.h">
      <Filter>Header Files</Filter>
    </ClInclude>
    <ClInclude Include="BattleGround.h">
      <Filter>Header Files</Filter>
    </ClInclude>
    <ClInclude Include="BattleSoccer.h">
      <Filter>Header Files</Filter>
    </ClInclude>
    <ClInclude Include="BattleSoccerManager.h">
      <Filter>Header Files</Filter>
    </ClInclude>
    <ClInclude Include="BloodCastle.h">
      <Filter>Header Files</Filter>
    </ClInclude>
    <ClInclude Include="CallStackTrace.h">
      <Filter>Header Files</Filter>
    </ClInclude>
    <ClInclude Include="CannonTower.h">
      <Filter>Header Files</Filter>
    </ClInclude>
    <ClInclude Include="CashItemPeriodSystem.h">
      <Filter>Header Files</Filter>
    </ClInclude>
    <ClInclude Include="CashLotterySystem.h">
      <Filter>Header Files</Filter>
    </ClInclude>
    <ClInclude Include="ViewportSkillState.h">
      <Filter>Header Files</Filter>
    </ClInclude>
    <ClInclude Include="BuffManager.h">
      <Filter>Header Files</Filter>
    </ClInclude>
    <ClInclude Include="BuffEffect.h">
      <Filter>Header Files</Filter>
    </ClInclude>
    <ClInclude Include="RaklionSelupan.h">
      <Filter>Header Files</Filter>
    </ClInclude>
    <ClInclude Include="RaklionBattleOfSelupan.h">
      <Filter>Header Files</Filter>
    </ClInclude>
    <ClInclude Include="RaklionBattleUserMng.h">
      <Filter>Header Files</Filter>
    </ClInclude>
    <ClInclude Include="Raklion.h">
      <Filter>Header Files</Filter>
    </ClInclude>
    <ClInclude Include="RaklionUtil.h">
      <Filter>Header Files</Filter>
    </ClInclude>
    <ClInclude Include="ChaosCard.h">
      <Filter>Header Files</Filter>
    </ClInclude>
    <ClInclude Include="CashShop.h">
      <Filter>Header Files</Filter>
    </ClInclude>
    <ClInclude Include="CastleDeepEvent.h">
      <Filter>Header Files</Filter>
    </ClInclude>
    <ClInclude Include="CastleCrown.h">
      <Filter>Header Files</Filter>
    </ClInclude>
    <ClInclude Include="CastleCrownSwitch.h">
      <Filter>Header Files</Filter>
    </ClInclude>
    <ClInclude Include="CCastleEventItemList.h">
      <Filter>Header Files</Filter>
    </ClInclude>
    <ClInclude Include="CastleSiege.h">
      <Filter>Header Files</Filter>
    </ClInclude>
    <ClInclude Include="CastleSiegeSync.h">
      <Filter>Header Files</Filter>
    </ClInclude>
    <ClInclude Include="MixSystem.h">
      <Filter>Header Files</Filter>
    </ClInclude>
    <ClInclude Include="ChaosCastle.h">
      <Filter>Header Files</Filter>
    </ClInclude>
    <ClInclude Include="ChaosCastleSetItemDrop.h">
      <Filter>Header Files</Filter>
    </ClInclude>
    <ClInclude Include="ChinaHackUserKick.h">
      <Filter>Header Files</Filter>
    </ClInclude>
    <ClInclude Include="..\common\classdef.h">
      <Filter>Header Files</Filter>
    </ClInclude>
    <ClInclude Include="CLoginCount.h">
      <Filter>Header Files</Filter>
    </ClInclude>
    <ClInclude Include="ClosePlayer.h">
      <Filter>Header Files</Filter>
    </ClInclude>
    <ClInclude Include="ComboAttack.h">
      <Filter>Header Files</Filter>
    </ClInclude>
    <ClInclude Include="ConMember.h">
      <Filter>Header Files</Filter>
    </ClInclude>
    <ClInclude Include="Crywolf.h">
      <Filter>Header Files</Filter>
    </ClInclude>
    <ClInclude Include="CrywolfAltar.h">
      <Filter>Header Files</Filter>
    </ClInclude>
    <ClInclude Include="CrywolfDarkElf.h">
      <Filter>Header Files</Filter>
    </ClInclude>
    <ClInclude Include="CrywolfMonster.h">
      <Filter>Header Files</Filter>
    </ClInclude>
    <ClInclude Include="CrywolfObjInfo.h">
      <Filter>Header Files</Filter>
    </ClInclude>
    <ClInclude Include="CrywolfStateTimeInfo.h">
      <Filter>Header Files</Filter>
    </ClInclude>
    <ClInclude Include="CrywolfStatue.h">
      <Filter>Header Files</Filter>
    </ClInclude>
    <ClInclude Include="CrywolfSync.h">
      <Filter>Header Files</Filter>
    </ClInclude>
    <ClInclude Include="CrywolfTanker.h">
      <Filter>Header Files</Filter>
    </ClInclude>
    <ClInclude Include="CrywolfUtil.h">
      <Filter>Header Files</Filter>
    </ClInclude>
    <ClInclude Include="CWhatsUpDummyServer.h">
      <Filter>Header Files</Filter>
    </ClInclude>
    <ClInclude Include="DarkSpirit.h">
      <Filter>Header Files</Filter>
    </ClInclude>
    <ClInclude Include="DbSave.h">
      <Filter>Header Files</Filter>
    </ClInclude>
    <ClInclude Include="DBSockMng.h">
      <Filter>Header Files</Filter>
    </ClInclude>
    <ClInclude Include="DevilSquare.h">
      <Filter>Header Files</Filter>
    </ClInclude>
    <ClInclude Include="DevilSquareGround.h">
      <Filter>Header Files</Filter>
    </ClInclude>
    <ClInclude Include="dirpath.h">
      <Filter>Header Files</Filter>
    </ClInclude>
    <ClInclude Include="DragonEvent.h">
      <Filter>Header Files</Filter>
    </ClInclude>
    <ClInclude Include="DSProtocol.h">
      <Filter>Header Files</Filter>
    </ClInclude>
    <ClInclude Include="EDSProtocol.h">
      <Filter>Header Files</Filter>
    </ClInclude>
    <ClInclude Include="EledoradoEvent.h">
      <Filter>Header Files</Filter>
    </ClInclude>
    <ClInclude Include="Event.h">
      <Filter>Header Files</Filter>
    </ClInclude>
    <ClInclude Include="EventManagement.h">
      <Filter>Header Files</Filter>
    </ClInclude>
    <ClInclude Include="GameEvent.h">
      <Filter>Header Files</Filter>
    </ClInclude>
    <ClInclude Include="GameMain.h">
      <Filter>Header Files</Filter>
    </ClInclude>
    <ClInclude Include="GameServer.h">
      <Filter>Header Files</Filter>
    </ClInclude>
    <ClInclude Include="GameServerAuth.h">
      <Filter>Header Files</Filter>
    </ClInclude>
    <ClInclude Include="Gate.h">
      <Filter>Header Files</Filter>
    </ClInclude>
    <ClInclude Include="giocp.h">
      <Filter>Header Files</Filter>
    </ClInclude>
    <ClInclude Include="GMMng.h">
      <Filter>Header Files</Filter>
    </ClInclude>
    <ClInclude Include="gObjMonster.h">
      <Filter>Header Files</Filter>
    </ClInclude>
    <ClInclude Include="Guardian.h">
      <Filter>Header Files</Filter>
    </ClInclude>
    <ClInclude Include="GuardianStatue.h">
      <Filter>Header Files</Filter>
    </ClInclude>
    <ClInclude Include="GuildClass.h">
      <Filter>Header Files</Filter>
    </ClInclude>
    <ClInclude Include="IpCache.h">
      <Filter>Header Files</Filter>
    </ClInclude>
    <ClInclude Include="ItemBag.h">
      <Filter>Header Files</Filter>
    </ClInclude>
    <ClInclude Include="ItemBagEx.h">
      <Filter>Header Files</Filter>
    </ClInclude>
    <ClInclude Include="ItemSystemFor380.h">
      <Filter>Header Files</Filter>
    </ClInclude>
    <ClInclude Include="JewelMixSystem.h">
      <Filter>Header Files</Filter>
    </ClInclude>
    <ClInclude Include="JewelOfHarmonySystem.h">
      <Filter>Header Files</Filter>
    </ClInclude>
    <ClInclude Include="KalimaGate.h">
      <Filter>Header Files</Filter>
    </ClInclude>
    <ClInclude Include="Kanturu.h">
      <Filter>Header Files</Filter>
    </ClInclude>
    <ClInclude Include="KanturuBattleOfMaya.h">
      <Filter>Header Files</Filter>
    </ClInclude>
    <ClInclude Include="KanturuBattleOfNightmare.h">
      <Filter>Header Files</Filter>
    </ClInclude>
    <ClInclude Include="KanturuBattleStanby.h">
      <Filter>Header Files</Filter>
    </ClInclude>
    <ClInclude Include="KanturuBattleUser.h">
      <Filter>Header Files</Filter>
    </ClInclude>
    <ClInclude Include="KanturuBattleUserMng.h">
      <Filter>Header Files</Filter>
    </ClInclude>
    <ClInclude Include="KanturuEntranceNPC.h">
      <Filter>Header Files</Filter>
    </ClInclude>
    <ClInclude Include="KanturuMaya.h">
      <Filter>Header Files</Filter>
    </ClInclude>
    <ClInclude Include="KanturuMonsterMng.h">
      <Filter>Header Files</Filter>
    </ClInclude>
    <ClInclude Include="KanturuNightmare.h">
      <Filter>Header Files</Filter>
    </ClInclude>
    <ClInclude Include="KanturuObjInfo.h">
      <Filter>Header Files</Filter>
    </ClInclude>
    <ClInclude Include="KanturuStateInfo.h">
      <Filter>Header Files</Filter>
    </ClInclude>
    <ClInclude Include="KanturuTowerOfRefinement.h">
      <Filter>Header Files</Filter>
    </ClInclude>
    <ClInclude Include="KanturuUtil.h">
      <Filter>Header Files</Filter>
    </ClInclude>
    <ClInclude Include="IllusionTempleEvent.h">
      <Filter>Header Files</Filter>
    </ClInclude>
    <ClInclude Include="IllusionTempleProcess.h">
      <Filter>Header Files</Filter>
    </ClInclude>
    <ClInclude Include="PCBangPointSystem.h">
      <Filter>Header Files</Filter>
    </ClInclude>
    <ClInclude Include="GambleSystem.h">
      <Filter>Header Files</Filter>
    </ClInclude>
    <ClInclude Include="XMasAttackEventData.h">
      <Filter>Header Files</Filter>
    </ClInclude>
    <ClInclude Include="ProbabilityItemBag.h">
      <Filter>Header Files</Filter>
    </ClInclude>
    <ClInclude Include="XMasAttackEvent.h">
      <Filter>Header Files</Filter>
    </ClInclude>
    <ClInclude Include="LargeRand.h">
      <Filter>Header Files</Filter>
    </ClInclude>
    <ClInclude Include="LifeStone.h">
      <Filter>Header Files</Filter>
    </ClInclude>
    <ClInclude Include="logproc.h">
      <Filter>Header Files</Filter>
    </ClInclude>
    <ClInclude Include="LogToFile.h">
      <Filter>Header Files</Filter>
    </ClInclude>
    <ClInclude Include="MagicDamage.h">
      <Filter>Header Files</Filter>
    </ClInclude>
    <ClInclude Include="MagicInf.h">
      <Filter>Header Files</Filter>
    </ClInclude>
    <ClInclude Include="MapClass.h">
      <Filter>Header Files</Filter>
    </ClInclude>
    <ClInclude Include="MapItem.h">
      <Filter>Header Files</Filter>
    </ClInclude>
    <ClInclude Include="MapServerManager.h">
      <Filter>Header Files</Filter>
    </ClInclude>
    <ClInclude Include="Mercenary.h">
      <Filter>Header Files</Filter>
    </ClInclude>
    <ClInclude Include="MonsterAttr.h">
      <Filter>Header Files</Filter>
    </ClInclude>
    <ClInclude Include="MonsterHerd.h">
      <Filter>Header Files</Filter>
    </ClInclude>
    <ClInclude Include="MonsterItemMng.h">
      <Filter>Header Files</Filter>
    </ClInclude>
    <ClInclude Include="MonsterSetBase.h">
      <Filter>Header Files</Filter>
    </ClInclude>
    <ClInclude Include="MoveCheck.h">
      <Filter>Header Files</Filter>
    </ClInclude>
    <ClInclude Include="MoveCommand.h">
      <Filter>Header Files</Filter>
    </ClInclude>
    <ClInclude Include="MultiAttackHackCheck.h">
      <Filter>Header Files</Filter>
    </ClInclude>
    <ClInclude Include="MultiCheckSum.h">
      <Filter>Header Files</Filter>
    </ClInclude>
    <ClInclude Include="..\common\MyWinsockBase.h">
      <Filter>Header Files</Filter>
    </ClInclude>
    <ClInclude Include="NpcTalk.h">
      <Filter>Header Files</Filter>
    </ClInclude>
    <ClInclude Include="NSerialCheck.h">
      <Filter>Header Files</Filter>
    </ClInclude>
    <ClInclude Include="ObjAttack.h">
      <Filter>Header Files</Filter>
    </ClInclude>
    <ClInclude Include="ObjBaseAttack.h">
      <Filter>Header Files</Filter>
    </ClInclude>
    <ClInclude Include="ObjCalCharacter.h">
      <Filter>Header Files</Filter>
    </ClInclude>
    <ClInclude Include="ObjUseSkill.h">
      <Filter>Header Files</Filter>
    </ClInclude>
    <ClInclude Include="PacketCheckSum.h">
      <Filter>Header Files</Filter>
    </ClInclude>
    <ClInclude Include="HackToolPacket.h">
      <Filter>Header Files</Filter>
    </ClInclude>
    <ClInclude Include="PartyClass.h">
      <Filter>Header Files</Filter>
    </ClInclude>
    <ClInclude Include="PCSProtocol.h">
      <Filter>Header Files</Filter>
    </ClInclude>
    <ClInclude Include="protocol.h">
      <Filter>Header Files</Filter>
    </ClInclude>
    <ClInclude Include="QuestInfo.h">
      <Filter>Header Files</Filter>
    </ClInclude>
    <ClInclude Include="QuestUtil.h">
      <Filter>Header Files</Filter>
    </ClInclude>
    <ClInclude Include="RingAttackEvent.h">
      <Filter>Header Files</Filter>
    </ClInclude>
    <ClInclude Include="SendHackLog.h">
      <Filter>Header Files</Filter>
    </ClInclude>
    <ClInclude Include="SetItemMacro.h">
      <Filter>Header Files</Filter>
    </ClInclude>
    <ClInclude Include="..\common\SetItemOption.h">
      <Filter>Header Files</Filter>
    </ClInclude>
    <ClInclude Include="Shop.h">
      <Filter>Header Files</Filter>
    </ClInclude>
    <ClInclude Include="SkillAdditionInfo.h">
      <Filter>Header Files</Filter>
    </ClInclude>
    <ClInclude Include="SkillDelay.h">
      <Filter>Header Files</Filter>
    </ClInclude>
    <ClInclude Include="SkillHitBox.h">
      <Filter>Header Files</Filter>
    </ClInclude>
    <ClInclude Include="spe.h">
      <Filter>Header Files</Filter>
    </ClInclude>
    <ClInclude Include="SProtocol.h">
      <Filter>Header Files</Filter>
    </ClInclude>
    <ClInclude Include="StatMng.h">
      <Filter>Header Files</Filter>
    </ClInclude>
    <ClInclude Include="StdAfx.h">
      <Filter>Header Files</Filter>
    </ClInclude>
    <ClInclude Include="TDurMagicKeyChecker.h">
      <Filter>Header Files</Filter>
    </ClInclude>
    <ClInclude Include="TMonsterAI.h">
      <Filter>Header Files</Filter>
    </ClInclude>
    <ClInclude Include="TMonsterAIAgro.h">
      <Filter>Header Files</Filter>
    </ClInclude>
    <ClInclude Include="TMonsterAIAutomata.h">
      <Filter>Header Files</Filter>
    </ClInclude>
    <ClInclude Include="TMonsterAIElement.h">
      <Filter>Header Files</Filter>
    </ClInclude>
    <ClInclude Include="TMonsterAIGroup.h">
      <Filter>Header Files</Filter>
    </ClInclude>
    <ClInclude Include="TMonsterAIGroupMember.h">
      <Filter>Header Files</Filter>
    </ClInclude>
    <ClInclude Include="TMonsterAIMovePath.h">
      <Filter>Header Files</Filter>
    </ClInclude>
    <ClInclude Include="TMonsterAIRule.h">
      <Filter>Header Files</Filter>
    </ClInclude>
    <ClInclude Include="TMonsterAIRuleInfo.h">
      <Filter>Header Files</Filter>
    </ClInclude>
    <ClInclude Include="TMonsterAIState.h">
      <Filter>Header Files</Filter>
    </ClInclude>
    <ClInclude Include="TMonsterAIUnit.h">
      <Filter>Header Files</Filter>
    </ClInclude>
    <ClInclude Include="TMonsterAIUtil.h">
      <Filter>Header Files</Filter>
    </ClInclude>
    <ClInclude Include="TMonsterSkillElement.h">
      <Filter>Header Files</Filter>
    </ClInclude>
    <ClInclude Include="TMonsterSkillElementInfo.h">
      <Filter>Header Files</Filter>
    </ClInclude>
    <ClInclude Include="TMonsterSkillInfo.h">
      <Filter>Header Files</Filter>
    </ClInclude>
    <ClInclude Include="TMonsterSkillManager.h">
      <Filter>Header Files</Filter>
    </ClInclude>
    <ClInclude Include="TMonsterSkillUnit.h">
      <Filter>Header Files</Filter>
    </ClInclude>
    <ClInclude Include="TNotice.h">
      <Filter>Header Files</Filter>
    </ClInclude>
    <ClInclude Include="TRandomPoolMgr.h">
      <Filter>Header Files</Filter>
    </ClInclude>
    <ClInclude Include="TServerAlertManager.h">
      <Filter>Header Files</Filter>
    </ClInclude>
    <ClInclude Include="TServerInfoDisplayer.h">
      <Filter>Header Files</Filter>
    </ClInclude>
    <ClInclude Include="MiniDump.h">
      <Filter>Header Files</Filter>
    </ClInclude>
    <ClInclude Include="TSkillElement.h">
      <Filter>Header Files</Filter>
    </ClInclude>
    <ClInclude Include="TStatistics.h">
      <Filter>Header Files</Filter>
    </ClInclude>
    <ClInclude Include="..\common\TSync.h">
      <Filter>Header Files</Filter>
    </ClInclude>
    <ClInclude Include="TUnion.h">
      <Filter>Header Files</Filter>
    </ClInclude>
    <ClInclude Include="TUnionInfo.h">
      <Filter>Header Files</Filter>
    </ClInclude>
    <ClInclude Include="MasterLevelSystem.h">
      <Filter>Header Files</Filter>
    </ClInclude>
    <ClInclude Include="MasterSkillSystem.h">
      <Filter>Header Files</Filter>
    </ClInclude>
    <ClInclude Include="user.h">
      <Filter>Header Files</Filter>
    </ClInclude>
    <ClInclude Include="SocketData.h">
      <Filter>Header Files</Filter>
    </ClInclude>
    <ClInclude Include="SocketOption.h">
      <Filter>Header Files</Filter>
    </ClInclude>
    <ClInclude Include="SocketSphere.h">
      <Filter>Header Files</Filter>
    </ClInclude>
    <ClInclude Include="ItemAddOption.h">
      <Filter>Header Files</Filter>
    </ClInclude>
    <ClInclude Include="ViewportGuild.h">
      <Filter>Header Files</Filter>
    </ClInclude>
    <ClInclude Include="Weapon.h">
      <Filter>Header Files</Filter>
    </ClInclude>
    <ClInclude Include="WhisperCash.h">
      <Filter>Header Files</Filter>
    </ClInclude>
    <ClInclude Include="..\common\winutil.h">
      <Filter>Header Files</Filter>
    </ClInclude>
    <ClInclude Include="wsGameServer.h">
      <Filter>Header Files</Filter>
    </ClInclude>
    <ClInclude Include="wsJoinServerCli.h">
      <Filter>Header Files</Filter>
    </ClInclude>
    <ClInclude Include="wsShopServerCli.h">
      <Filter>Header Files</Filter>
    </ClInclude>
    <ClInclude Include="WTEventItemList.h">
      <Filter>Header Files</Filter>
    </ClInclude>
    <ClInclude Include="..\common\WzMemScript.h">
      <Filter>Header Files</Filter>
    </ClInclude>
    <ClInclude Include="WzMultiCastSock.h">
      <Filter>Header Files</Filter>
    </ClInclude>
    <ClInclude Include="WzQueue.h">
      <Filter>Header Files</Filter>
    </ClInclude>
    <ClInclude Include="..\common\WZScriptEncode.h">
      <Filter>Header Files</Filter>
    </ClInclude>
    <ClInclude Include="WzUdp.h">
      <Filter>Header Files</Filter>
    </ClInclude>
    <ClInclude Include="..\include\Readscript.h">
      <Filter>Header Files</Filter>
    </ClInclude>
    <ClInclude Include="..\include\prodef.h">
      <Filter>Header Files</Filter>
    </ClInclude>
    <ClInclude Include="..\common\zzzitem.h">
      <Filter>Header Files</Filter>
    </ClInclude>
    <ClInclude Include="zzzmathlib.h">
      <Filter>Header Files</Filter>
    </ClInclude>
    <ClInclude Include="..\common\zzzpath.h">
      <Filter>Header Files</Filter>
    </ClInclude>
    <ClInclude Include="resource.h">
      <Filter>Resource Files</Filter>
    </ClInclude>
    <ClInclude Include="..\common\Defines.h">
      <Filter>Custom Files\Defines</Filter>
    </ClInclude>
    <ClInclude Include="Configs.h">
      <Filter>Custom Files\Configs</Filter>
    </ClInclude>
    <ClInclude Include="Commands.h">
      <Filter>Custom Files\Commands</Filter>
    </ClInclude>
    <ClInclude Include="NewOptions.h">
      <Filter>Custom Files\NewOptions</Filter>
    </ClInclude>
    <ClInclude Include="WarehouseManager.h">
      <Filter>Custom Files\WareHouse\Manager</Filter>
    </ClInclude>
    <ClInclude Include="WarehouseProtocol.h">
      <Filter>Custom Files\WareHouse\Protocol</Filter>
    </ClInclude>
    <ClInclude Include="ResetProtocol.h">
      <Filter>Custom Files\ResetSystem\Protocol</Filter>
    </ClInclude>
    <ClInclude Include="ResetSystem.h">
      <Filter>Custom Files\ResetSystem\Manager</Filter>
    </ClInclude>
    <ClInclude Include="BalanceSystem.h">
      <Filter>Custom Files\BalanceSystem</Filter>
    </ClInclude>
    <ClInclude Include="Utilities.h">
      <Filter>Custom Files\Utilities</Filter>
    </ClInclude>
    <ClInclude Include="Enums.h">
      <Filter>Custom Files\Enums</Filter>
    </ClInclude>
    <ClInclude Include="HealthBar.h">
      <Filter>Custom Files\HealthBar</Filter>
    </ClInclude>
    <ClInclude Include="NewsSystem.h">
      <Filter>Custom Files\NewsSystem</Filter>
    </ClInclude>
    <ClInclude Include="SummonBooks.h">
      <Filter>Custom Files\SummonBooks</Filter>
    </ClInclude>
    <ClInclude Include="ItemDrop.h">
      <Filter>Custom Files\ItemDrop</Filter>
    </ClInclude>
    <ClInclude Include="NewPVP.h">
      <Filter>Header Files</Filter>
    </ClInclude>
  </ItemGroup>
  <ItemGroup>
    <CustomBuild Include="GameServer.ico">
      <Filter>Resource Files</Filter>
    </CustomBuild>
  </ItemGroup>
  <ItemGroup>
    <ResourceCompile Include="GameServer.rc">
      <Filter>Resource Files</Filter>
    </ResourceCompile>
  </ItemGroup>
</Project>